<?xml version="1.0" encoding="utf-8"?>
<Project ToolsVersion="4.0" xmlns="http://schemas.microsoft.com/developer/msbuild/2003">
  <ItemGroup>
    <Filter Include="Source Files">
      <UniqueIdentifier>{d3ee5ad8-86f5-4b16-adbd-5d21edc5320d}</UniqueIdentifier>
      <Extensions>cpp;c;rc;def;odl;idl;bat</Extensions>
    </Filter>
    <Filter Include="Header Files">
      <UniqueIdentifier>{14adf3ae-0153-453c-a417-db992a3afe63}</UniqueIdentifier>
      <Extensions>h;hpp;inl</Extensions>
    </Filter>
    <Filter Include="Resource Files">
      <UniqueIdentifier>{84503a39-ad72-445b-b968-97ee562c8109}</UniqueIdentifier>
      <Extensions>ico;cur;bmp;dlg;rc2;rct;bin;rgs;gif;jpg;jpeg;jpe</Extensions>
    </Filter>
  </ItemGroup>
  <ItemGroup>
    <ClCompile Include="a3d_dal.cpp">
      <Filter>Source Files</Filter>
    </ClCompile>
    <ClCompile Include="a3d_dll.cpp">
      <Filter>Source Files</Filter>
    </ClCompile>
    <ClCompile Include="a3d_ref.cpp">
      <Filter>Source Files</Filter>
    </ClCompile>
  </ItemGroup>
  <ItemGroup>
    <ClInclude Include="a3d_dal.h">
      <Filter>Header Files</Filter>
    </ClInclude>
    <ClInclude Include="a3d_dll.h">
      <Filter>Header Files</Filter>
    </ClInclude>
    <ClInclude Include="a3d_ref.h">
      <Filter>Header Files</Filter>
    </ClInclude>
    <ClInclude Include="ia3dapi.h">
      <Filter>Header Files</Filter>
    </ClInclude>
    <ClInclude Include="..\..\..\..\Program Files (x86)\Windows Kits\8.1\Include\shared\apiset.h">
      <Filter>Header Files</Filter>
    </ClInclude>
  </ItemGroup>
  <ItemGroup>
    <ResourceCompile Include="a3d_dll.rc">
      <Filter>Resource Files</Filter>
    </ResourceCompile>
  </ItemGroup>
  <ItemGroup>
    <CustomBuild Include="a3d_dll.def">
      <Filter>Source Files</Filter>
    </CustomBuild>
  </ItemGroup>
</Project>